
Microsoft Visual Studio Solution File, Format Version 11.00
# Visual Studio 2010
Project("{FAE04EC0-301F-11D3-BF4B-00C04F79EFBC}") = "Canvas App", "Canvas App\Canvas App.csproj", "{69EA6A51-A999-47FD-8D19-FB59F90271FB}"
EndProject
Global
	GlobalSection(SubversionScc) = preSolution
		Svn-Managed = True
		Manager = AnkhSVN - Subversion Support for Visual Studio
	EndGlobalSection
	GlobalSection(SolutionConfigurationPlatforms) = preSolution
		Debug|x86 = Debug|x86
		Release|x86 = Release|x86
	EndGlobalSection
	GlobalSection(ProjectConfigurationPlatforms) = postSolution
		{69EA6A51-A999-47FD-8D19-FB59F90271FB}.Debug|x86.ActiveCfg = Debug|x86
		{69EA6A51-A999-47FD-8D19-FB59F90271FB}.Debug|x86.Build.0 = Debug|x86
		{69EA6A51-A999-47FD-8D19-FB59F90271FB}.Release|x86.ActiveCfg = Release|x86
		{69EA6A51-A999-47FD-8D19-FB59F90271FB}.Release|x86.Build.0 = Release|x86
	EndGlobalSection
	GlobalSection(SolutionProperties) = preSolution
		HideSolutionNode = FALSE
	EndGlobalSection
EndGlobal
